{
  "name": "crypto",
  "lockfileVersion": 2,
  "requires": true,
  "packages": {
    "": {
      "dependencies": {
        "base64url": "^3.0.1",
        "js-crypto-aes": "^1.0.4",
        "keypair": "^1.0.4",
        "node-forge": "^1.3.1"
      }
    },
    "node_modules/base64url": {
      "version": "3.0.1",
      "resolved": "https://registry.npmjs.org/base64url/-/base64url-3.0.1.tgz",
      "integrity": "sha512-ir1UPr3dkwexU7FdV8qBBbNDRUhMmIekYMFZfi+C/sLNnRESKPl23nB9b2pltqfOQNnGzsDdId90AEtG5tCx4A==",
      "engines": {
        "node": ">=6.0.0"
      }
    },
    "node_modules/js-crypto-aes": {
      "version": "1.0.4",
      "resolved": "https://registry.npmjs.org/js-crypto-aes/-/js-crypto-aes-1.0.4.tgz",
      "integrity": "sha512-L2fh7Q55+8eS/ALbhgAZYZpTkuo+n12+3GpuUE+U6SGlObmwibG5rVtDTVSTNgV9VuzD2BaY4unTkRWTcfLYxg==",
      "dependencies": {
        "js-crypto-env": "^1.0.4"
      }
    },
    "node_modules/js-crypto-env": {
      "version": "1.0.4",
      "resolved": "https://registry.npmjs.org/js-crypto-env/-/js-crypto-env-1.0.4.tgz",
      "integrity": "sha512-b7WdjaX4csatMPfZ/mQ94yb/XTKe3o6qt0jPBVbKmaiOH97e+FlmIANoFEMrhxQM1xxKfA2QYLjgqL/YtdMm9g=="
    },
    "node_modules/keypair": {
      "version": "1.0.4",
      "resolved": "https://registry.npmjs.org/keypair/-/keypair-1.0.4.tgz",
      "integrity": "sha512-zwhgOhhniaL7oxMgUMKKw5219PWWABMO+dgMnzJOQ2/5L3XJtTJGhW2PEXlxXj9zaccdReZJZ83+4NPhVfNVDg=="
    },
    "node_modules/node-forge": {
      "version": "1.3.1",
      "resolved": "https://registry.npmjs.org/node-forge/-/node-forge-1.3.1.tgz",
      "integrity": "sha512-dPEtOeMvF9VMcYV/1Wb8CPoVAXtp6MKMlcbAt4ddqmGqUJ6fQZFXkNZNkNlfevtNkGtaSoXf/vNNNSvgrdXwtA==",
      "engines": {
        "node": ">= 6.13.0"
      }
    }
  },
  "dependencies": {
    "base64url": {
      "version": "3.0.1",
      "resolved": "https://registry.npmjs.org/base64url/-/base64url-3.0.1.tgz",
      "integrity": "sha512-ir1UPr3dkwexU7FdV8qBBbNDRUhMmIekYMFZfi+C/sLNnRESKPl23nB9b2pltqfOQNnGzsDdId90AEtG5tCx4A=="
    },
    "js-crypto-aes": {
      "version": "1.0.4",
      "resolved": "https://registry.npmjs.org/js-crypto-aes/-/js-crypto-aes-1.0.4.tgz",
      "integrity": "sha512-L2fh7Q55+8eS/ALbhgAZYZpTkuo+n12+3GpuUE+U6SGlObmwibG5rVtDTVSTNgV9VuzD2BaY4unTkRWTcfLYxg==",
      "requires": {
        "js-crypto-env": "^1.0.4"
      }
    },
    "js-crypto-env": {
      "version": "1.0.4",
      "resolved": "https://registry.npmjs.org/js-crypto-env/-/js-crypto-env-1.0.4.tgz",
      "integrity": "sha512-b7WdjaX4csatMPfZ/mQ94yb/XTKe3o6qt0jPBVbKmaiOH97e+FlmIANoFEMrhxQM1xxKfA2QYLjgqL/YtdMm9g=="
    },
    "keypair": {
      "version": "1.0.4",
      "resolved": "https://registry.npmjs.org/keypair/-/keypair-1.0.4.tgz",
      "integrity": "sha512-zwhgOhhniaL7oxMgUMKKw5219PWWABMO+dgMnzJOQ2/5L3XJtTJGhW2PEXlxXj9zaccdReZJZ83+4NPhVfNVDg=="
    },
    "node-forge": {
      "version": "1.3.1",
      "resolved": "https://registry.npmjs.org/node-forge/-/node-forge-1.3.1.tgz",
      "integrity": "sha512-dPEtOeMvF9VMcYV/1Wb8CPoVAXtp6MKMlcbAt4ddqmGqUJ6fQZFXkNZNkNlfevtNkGtaSoXf/vNNNSvgrdXwtA=="
    }
  }
}
